// !$*UTF8*$!
{
	archiveVersion = 1;
	classes = {
	};
	objectVersion = 48;
	objects = {

/* Begin PBXBuildFile section */
		750AADE91E98D29000BEB6C2 /* TextPosition.swift in Sources */ = {isa = PBXBuildFile; fileRef = 750AADE81E98D29000BEB6C2 /* TextPosition.swift */; };
		750AADEB1E98D2C800BEB6C2 /* TextPositionTests.swift in Sources */ = {isa = PBXBuildFile; fileRef = 750AADEA1E98D2C800BEB6C2 /* TextPositionTests.swift */; };
		751BD7421ECF02B600B4175D /* Parser.swift in Sources */ = {isa = PBXBuildFile; fileRef = 751BD7411ECF02B600B4175D /* Parser.swift */; };
		753AA31F1ECC94550015EC11 /* ErrorMessageWriter.swift in Sources */ = {isa = PBXBuildFile; fileRef = 753AA31E1ECC94550015EC11 /* ErrorMessageWriter.swift */; };
		753AA3211ECC94C40015EC11 /* ErrorMessageWriterTests.swift in Sources */ = {isa = PBXBuildFile; fileRef = 753AA3201ECC94C40015EC11 /* ErrorMessageWriterTests.swift */; };
		753F08EF1F8B593700A3D6A9 /* SequencesTupleTests.swift in Sources */ = {isa = PBXBuildFile; fileRef = 753F08EE1F8B593700A3D6A9 /* SequencesTupleTests.swift */; };
		753F08F11F8B598900A3D6A9 /* SequencesArrayTests.swift in Sources */ = {isa = PBXBuildFile; fileRef = 753F08F01F8B598900A3D6A9 /* SequencesArrayTests.swift */; };
		753F08F31F8B59D600A3D6A9 /* SequencesManyTests.swift in Sources */ = {isa = PBXBuildFile; fileRef = 753F08F21F8B59D600A3D6A9 /* SequencesManyTests.swift */; };
		753F08F71F8B5A5000A3D6A9 /* SequencesManySeparatorTests.swift in Sources */ = {isa = PBXBuildFile; fileRef = 753F08F61F8B5A5000A3D6A9 /* SequencesManySeparatorTests.swift */; };
		754C4BB31FA4643A006B5032 /* Numbers.swift in Sources */ = {isa = PBXBuildFile; fileRef = 754C4BB21FA4643A006B5032 /* Numbers.swift */; };
		754C4BB51FA46461006B5032 /* NumbersTests.swift in Sources */ = {isa = PBXBuildFile; fileRef = 754C4BB41FA46461006B5032 /* NumbersTests.swift */; };
		754C4BB71FA814FF006B5032 /* NumberComponents.swift in Sources */ = {isa = PBXBuildFile; fileRef = 754C4BB61FA814FF006B5032 /* NumberComponents.swift */; };
		754C4BB91FA815E6006B5032 /* NumberComponentsTests.swift in Sources */ = {isa = PBXBuildFile; fileRef = 754C4BB81FA815E6006B5032 /* NumberComponentsTests.swift */; };
		754C4BBB1FA8B7CB006B5032 /* PrattParser.swift in Sources */ = {isa = PBXBuildFile; fileRef = 754C4BBA1FA8B7CB006B5032 /* PrattParser.swift */; };
		754C4BBD1FA8B7E8006B5032 /* PrattParserTests.swift in Sources */ = {isa = PBXBuildFile; fileRef = 754C4BBC1FA8B7E8006B5032 /* PrattParserTests.swift */; };
		755083301EC9F700000417F9 /* ErrorOutputBuffer.swift in Sources */ = {isa = PBXBuildFile; fileRef = 7550832F1EC9F700000417F9 /* ErrorOutputBuffer.swift */; };
		755083321ECA10CB000417F9 /* ErrorOutputBufferTests.swift in Sources */ = {isa = PBXBuildFile; fileRef = 755083311ECA10CB000417F9 /* ErrorOutputBufferTests.swift */; };
		7551CBE81EC48D8D001911B0 /* ParseResult.swift in Sources */ = {isa = PBXBuildFile; fileRef = 7551CBE71EC48D8D001911B0 /* ParseResult.swift */; };
		7551CBEA1EC4908A001911B0 /* ParseResultTests.swift in Sources */ = {isa = PBXBuildFile; fileRef = 7551CBE91EC4908A001911B0 /* ParseResultTests.swift */; };
		75526B1D1ECFE68700EAA5B4 /* ParserTests.swift in Sources */ = {isa = PBXBuildFile; fileRef = 75526B1C1ECFE68700EAA5B4 /* ParserTests.swift */; };
		75526B1F1ED044B500EAA5B4 /* Primitives.swift in Sources */ = {isa = PBXBuildFile; fileRef = 75526B1E1ED044B500EAA5B4 /* Primitives.swift */; };
		75526B211ED044C700EAA5B4 /* PrimitivesPureTests.swift in Sources */ = {isa = PBXBuildFile; fileRef = 75526B201ED044C700EAA5B4 /* PrimitivesPureTests.swift */; };
		7556A2A21E7AE4B70094EF39 /* Strix.framework in Frameworks */ = {isa = PBXBuildFile; fileRef = 7556A2981E7AE4B70094EF39 /* Strix.framework */; };
		7556A2D71E7AE6A00094EF39 /* CharacterStream.swift in Sources */ = {isa = PBXBuildFile; fileRef = 7556A2D61E7AE6A00094EF39 /* CharacterStream.swift */; };
		7556A2D91E7AE7030094EF39 /* CharacterStreamTests.swift in Sources */ = {isa = PBXBuildFile; fileRef = 7556A2D81E7AE7030094EF39 /* CharacterStreamTests.swift */; };
		7576BE6F1F8E124E008DC09C /* Package.swift in Sources */ = {isa = PBXBuildFile; fileRef = 7576BE6E1F8E1249008DC09C /* Package.swift */; };
		75969B411F8F426000167569 /* Characters.swift in Sources */ = {isa = PBXBuildFile; fileRef = 75969B401F8F426000167569 /* Characters.swift */; };
		75969B431F8F433700167569 /* CharactersTests.swift in Sources */ = {isa = PBXBuildFile; fileRef = 75969B421F8F433700167569 /* CharactersTests.swift */; };
		75AC08881F10C48A00E5FCA2 /* Sequences.swift in Sources */ = {isa = PBXBuildFile; fileRef = 75AC08871F10C48A00E5FCA2 /* Sequences.swift */; };
		75B4C08F1ED44ADC00C93C1B /* PrimitivesChainTests.swift in Sources */ = {isa = PBXBuildFile; fileRef = 75B4C08E1ED44ADC00C93C1B /* PrimitivesChainTests.swift */; };
		75B4C0911ED4562C00C93C1B /* PrimitivesAlternativeTests.swift in Sources */ = {isa = PBXBuildFile; fileRef = 75B4C0901ED4562C00C93C1B /* PrimitivesAlternativeTests.swift */; };
		75B4C0931ED6ABC500C93C1B /* TestUtils.swift in Sources */ = {isa = PBXBuildFile; fileRef = 75B4C0921ED6ABC500C93C1B /* TestUtils.swift */; };
		75BA2D621EB715790049FE04 /* ParseError.swift in Sources */ = {isa = PBXBuildFile; fileRef = 75BA2D611EB715790049FE04 /* ParseError.swift */; };
		75BA2D641EB716180049FE04 /* ParseErrorTests.swift in Sources */ = {isa = PBXBuildFile; fileRef = 75BA2D631EB716180049FE04 /* ParseErrorTests.swift */; };
		75CA67EF1EC74B3000331EC0 /* ParseErrorGroup.swift in Sources */ = {isa = PBXBuildFile; fileRef = 75CA67EE1EC74B3000331EC0 /* ParseErrorGroup.swift */; };
		75CA67F11EC757FD00331EC0 /* ParseErrorGroupTests.swift in Sources */ = {isa = PBXBuildFile; fileRef = 75CA67F01EC757FC00331EC0 /* ParseErrorGroupTests.swift */; };
		75CB0CB61EE3D996002FD24F /* PrimitivesLookAheadTests.swift in Sources */ = {isa = PBXBuildFile; fileRef = 75CB0CB51EE3D996002FD24F /* PrimitivesLookAheadTests.swift */; };
		75CB0CB81EE3EFA3002FD24F /* PrimitivesCustomizingErrorTests.swift in Sources */ = {isa = PBXBuildFile; fileRef = 75CB0CB71EE3EFA3002FD24F /* PrimitivesCustomizingErrorTests.swift */; };
		75F91C3A1E9BD56700A9208F /* Reply.swift in Sources */ = {isa = PBXBuildFile; fileRef = 75F91C391E9BD56700A9208F /* Reply.swift */; };
		75F91C3C1E9BD59100A9208F /* ReplyTests.swift in Sources */ = {isa = PBXBuildFile; fileRef = 75F91C3B1E9BD59100A9208F /* ReplyTests.swift */; };
/* End PBXBuildFile section */

/* Begin PBXContainerItemProxy section */
		7556A2A31E7AE4B70094EF39 /* PBXContainerItemProxy */ = {
			isa = PBXContainerItemProxy;
			containerPortal = 7556A28F1E7AE4B70094EF39 /* Project object */;
			proxyType = 1;
			remoteGlobalIDString = 7556A2971E7AE4B70094EF39;
			remoteInfo = Strix;
		};
/* End PBXContainerItemProxy section */

/* Begin PBXFileReference section */
		750AADE81E98D29000BEB6C2 /* TextPosition.swift */ = {isa = PBXFileReference; fileEncoding = 4; lastKnownFileType = sourcecode.swift; path = TextPosition.swift; sourceTree = "<group>"; };
		750AADEA1E98D2C800BEB6C2 /* TextPositionTests.swift */ = {isa = PBXFileReference; fileEncoding = 4; lastKnownFileType = sourcecode.swift; path = TextPositionTests.swift; sourceTree = "<group>"; };
		751BD7411ECF02B600B4175D /* Parser.swift */ = {isa = PBXFileReference; fileEncoding = 4; lastKnownFileType = sourcecode.swift; path = Parser.swift; sourceTree = "<group>"; };
		753AA31E1ECC94550015EC11 /* ErrorMessageWriter.swift */ = {isa = PBXFileReference; fileEncoding = 4; lastKnownFileType = sourcecode.swift; path = ErrorMessageWriter.swift; sourceTree = "<group>"; };
		753AA3201ECC94C40015EC11 /* ErrorMessageWriterTests.swift */ = {isa = PBXFileReference; fileEncoding = 4; lastKnownFileType = sourcecode.swift; path = ErrorMessageWriterTests.swift; sourceTree = "<group>"; };
		753F08EE1F8B593700A3D6A9 /* SequencesTupleTests.swift */ = {isa = PBXFileReference; lastKnownFileType = sourcecode.swift; path = SequencesTupleTests.swift; sourceTree = "<group>"; };
		753F08F01F8B598900A3D6A9 /* SequencesArrayTests.swift */ = {isa = PBXFileReference; lastKnownFileType = sourcecode.swift; path = SequencesArrayTests.swift; sourceTree = "<group>"; };
		753F08F21F8B59D600A3D6A9 /* SequencesManyTests.swift */ = {isa = PBXFileReference; lastKnownFileType = sourcecode.swift; path = SequencesManyTests.swift; sourceTree = "<group>"; };
		753F08F61F8B5A5000A3D6A9 /* SequencesManySeparatorTests.swift */ = {isa = PBXFileReference; lastKnownFileType = sourcecode.swift; path = SequencesManySeparatorTests.swift; sourceTree = "<group>"; };
		754C4BB21FA4643A006B5032 /* Numbers.swift */ = {isa = PBXFileReference; lastKnownFileType = sourcecode.swift; path = Numbers.swift; sourceTree = "<group>"; };
		754C4BB41FA46461006B5032 /* NumbersTests.swift */ = {isa = PBXFileReference; lastKnownFileType = sourcecode.swift; path = NumbersTests.swift; sourceTree = "<group>"; };
		754C4BB61FA814FF006B5032 /* NumberComponents.swift */ = {isa = PBXFileReference; lastKnownFileType = sourcecode.swift; path = NumberComponents.swift; sourceTree = "<group>"; };
		754C4BB81FA815E6006B5032 /* NumberComponentsTests.swift */ = {isa = PBXFileReference; lastKnownFileType = sourcecode.swift; path = NumberComponentsTests.swift; sourceTree = "<group>"; };
		754C4BBA1FA8B7CB006B5032 /* PrattParser.swift */ = {isa = PBXFileReference; lastKnownFileType = sourcecode.swift; path = PrattParser.swift; sourceTree = "<group>"; };
		754C4BBC1FA8B7E8006B5032 /* PrattParserTests.swift */ = {isa = PBXFileReference; lastKnownFileType = sourcecode.swift; path = PrattParserTests.swift; sourceTree = "<group>"; };
		7550832F1EC9F700000417F9 /* ErrorOutputBuffer.swift */ = {isa = PBXFileReference; fileEncoding = 4; lastKnownFileType = sourcecode.swift; path = ErrorOutputBuffer.swift; sourceTree = "<group>"; };
		755083311ECA10CB000417F9 /* ErrorOutputBufferTests.swift */ = {isa = PBXFileReference; fileEncoding = 4; lastKnownFileType = sourcecode.swift; path = ErrorOutputBufferTests.swift; sourceTree = "<group>"; };
		7551CBE71EC48D8D001911B0 /* ParseResult.swift */ = {isa = PBXFileReference; fileEncoding = 4; lastKnownFileType = sourcecode.swift; path = ParseResult.swift; sourceTree = "<group>"; };
		7551CBE91EC4908A001911B0 /* ParseResultTests.swift */ = {isa = PBXFileReference; fileEncoding = 4; lastKnownFileType = sourcecode.swift; path = ParseResultTests.swift; sourceTree = "<group>"; };
		75526B1C1ECFE68700EAA5B4 /* ParserTests.swift */ = {isa = PBXFileReference; fileEncoding = 4; lastKnownFileType = sourcecode.swift; path = ParserTests.swift; sourceTree = "<group>"; };
		75526B1E1ED044B500EAA5B4 /* Primitives.swift */ = {isa = PBXFileReference; fileEncoding = 4; lastKnownFileType = sourcecode.swift; path = Primitives.swift; sourceTree = "<group>"; };
		75526B201ED044C700EAA5B4 /* PrimitivesPureTests.swift */ = {isa = PBXFileReference; fileEncoding = 4; lastKnownFileType = sourcecode.swift; path = PrimitivesPureTests.swift; sourceTree = "<group>"; };
		7556A2981E7AE4B70094EF39 /* Strix.framework */ = {isa = PBXFileReference; explicitFileType = wrapper.framework; includeInIndex = 0; path = Strix.framework; sourceTree = BUILT_PRODUCTS_DIR; };
		7556A2A11E7AE4B70094EF39 /* StrixTests.xctest */ = {isa = PBXFileReference; explicitFileType = wrapper.cfbundle; includeInIndex = 0; path = StrixTests.xctest; sourceTree = BUILT_PRODUCTS_DIR; };
		7556A2D61E7AE6A00094EF39 /* CharacterStream.swift */ = {isa = PBXFileReference; fileEncoding = 4; lastKnownFileType = sourcecode.swift; path = CharacterStream.swift; sourceTree = "<group>"; };
		7556A2D81E7AE7030094EF39 /* CharacterStreamTests.swift */ = {isa = PBXFileReference; fileEncoding = 4; lastKnownFileType = sourcecode.swift; path = CharacterStreamTests.swift; sourceTree = "<group>"; };
		7576BE6E1F8E1249008DC09C /* Package.swift */ = {isa = PBXFileReference; lastKnownFileType = sourcecode.swift; path = Package.swift; sourceTree = "<group>"; };
		75969B401F8F426000167569 /* Characters.swift */ = {isa = PBXFileReference; lastKnownFileType = sourcecode.swift; path = Characters.swift; sourceTree = "<group>"; };
		75969B421F8F433700167569 /* CharactersTests.swift */ = {isa = PBXFileReference; lastKnownFileType = sourcecode.swift; path = CharactersTests.swift; sourceTree = "<group>"; };
		75969B4C1F95AD1B00167569 /* LICENSE */ = {isa = PBXFileReference; fileEncoding = 4; lastKnownFileType = text; path = LICENSE; sourceTree = "<group>"; };
		75969B4E1F95AD4100167569 /* README.md */ = {isa = PBXFileReference; fileEncoding = 4; lastKnownFileType = net.daringfireball.markdown; path = README.md; sourceTree = "<group>"; };
		75A097531FAADB3900231BFA /* Strix.podspec */ = {isa = PBXFileReference; lastKnownFileType = text; path = Strix.podspec; sourceTree = "<group>"; };
		75AC08871F10C48A00E5FCA2 /* Sequences.swift */ = {isa = PBXFileReference; fileEncoding = 4; lastKnownFileType = sourcecode.swift; path = Sequences.swift; sourceTree = "<group>"; };
		75B4C08E1ED44ADC00C93C1B /* PrimitivesChainTests.swift */ = {isa = PBXFileReference; fileEncoding = 4; lastKnownFileType = sourcecode.swift; path = PrimitivesChainTests.swift; sourceTree = "<group>"; };
		75B4C0901ED4562C00C93C1B /* PrimitivesAlternativeTests.swift */ = {isa = PBXFileReference; fileEncoding = 4; lastKnownFileType = sourcecode.swift; path = PrimitivesAlternativeTests.swift; sourceTree = "<group>"; };
		75B4C0921ED6ABC500C93C1B /* TestUtils.swift */ = {isa = PBXFileReference; fileEncoding = 4; lastKnownFileType = sourcecode.swift; path = TestUtils.swift; sourceTree = "<group>"; };
		75BA2D611EB715790049FE04 /* ParseError.swift */ = {isa = PBXFileReference; fileEncoding = 4; lastKnownFileType = sourcecode.swift; path = ParseError.swift; sourceTree = "<group>"; };
		75BA2D631EB716180049FE04 /* ParseErrorTests.swift */ = {isa = PBXFileReference; fileEncoding = 4; lastKnownFileType = sourcecode.swift; path = ParseErrorTests.swift; sourceTree = "<group>"; };
		75CA67EE1EC74B3000331EC0 /* ParseErrorGroup.swift */ = {isa = PBXFileReference; fileEncoding = 4; lastKnownFileType = sourcecode.swift; path = ParseErrorGroup.swift; sourceTree = "<group>"; };
		75CA67F01EC757FC00331EC0 /* ParseErrorGroupTests.swift */ = {isa = PBXFileReference; fileEncoding = 4; lastKnownFileType = sourcecode.swift; path = ParseErrorGroupTests.swift; sourceTree = "<group>"; };
		75CB0CB51EE3D996002FD24F /* PrimitivesLookAheadTests.swift */ = {isa = PBXFileReference; fileEncoding = 4; lastKnownFileType = sourcecode.swift; path = PrimitivesLookAheadTests.swift; sourceTree = "<group>"; };
		75CB0CB71EE3EFA3002FD24F /* PrimitivesCustomizingErrorTests.swift */ = {isa = PBXFileReference; fileEncoding = 4; lastKnownFileType = sourcecode.swift; path = PrimitivesCustomizingErrorTests.swift; sourceTree = "<group>"; };
		75F91C391E9BD56700A9208F /* Reply.swift */ = {isa = PBXFileReference; fileEncoding = 4; lastKnownFileType = sourcecode.swift; path = Reply.swift; sourceTree = "<group>"; };
		75F91C3B1E9BD59100A9208F /* ReplyTests.swift */ = {isa = PBXFileReference; fileEncoding = 4; lastKnownFileType = sourcecode.swift; path = ReplyTests.swift; sourceTree = "<group>"; };
/* End PBXFileReference section */

/* Begin PBXFrameworksBuildPhase section */
		7556A2941E7AE4B70094EF39 /* Frameworks */ = {
			isa = PBXFrameworksBuildPhase;
			buildActionMask = 2147483647;
			files = (
			);
			runOnlyForDeploymentPostprocessing = 0;
		};
		7556A29E1E7AE4B70094EF39 /* Frameworks */ = {
			isa = PBXFrameworksBuildPhase;
			buildActionMask = 2147483647;
			files = (
				7556A2A21E7AE4B70094EF39 /* Strix.framework in Frameworks */,
			);
			runOnlyForDeploymentPostprocessing = 0;
		};
/* End PBXFrameworksBuildPhase section */

/* Begin PBXGroup section */
		753F08ED1F8B144100A3D6A9 /* Primitives */ = {
			isa = PBXGroup;
			children = (
				75526B201ED044C700EAA5B4 /* PrimitivesPureTests.swift */,
				75B4C08E1ED44ADC00C93C1B /* PrimitivesChainTests.swift */,
				75B4C0901ED4562C00C93C1B /* PrimitivesAlternativeTests.swift */,
				75CB0CB51EE3D996002FD24F /* PrimitivesLookAheadTests.swift */,
				75CB0CB71EE3EFA3002FD24F /* PrimitivesCustomizingErrorTests.swift */,
			);
			path = Primitives;
			sourceTree = "<group>";
		};
		753F08F81F8B5CEC00A3D6A9 /* Sequences */ = {
			isa = PBXGroup;
			children = (
				753F08EE1F8B593700A3D6A9 /* SequencesTupleTests.swift */,
				753F08F01F8B598900A3D6A9 /* SequencesArrayTests.swift */,
				753F08F21F8B59D600A3D6A9 /* SequencesManyTests.swift */,
				753F08F61F8B5A5000A3D6A9 /* SequencesManySeparatorTests.swift */,
			);
			path = Sequences;
			sourceTree = "<group>";
		};
		7556A28E1E7AE4B70094EF39 = {
			isa = PBXGroup;
			children = (
				75969B4B1F95ACCB00167569 /* Documentation */,
				75969B491F95AC8D00167569 /* Deployment */,
				7576BE211F8E04C6008DC09C /* Sources */,
				7576BE231F8E04FC008DC09C /* Tests */,
				7556A2991E7AE4B70094EF39 /* Products */,
			);
			sourceTree = "<group>";
		};
		7556A2991E7AE4B70094EF39 /* Products */ = {
			isa = PBXGroup;
			children = (
				7556A2981E7AE4B70094EF39 /* Strix.framework */,
				7556A2A11E7AE4B70094EF39 /* StrixTests.xctest */,
			);
			name = Products;
			sourceTree = "<group>";
		};
		7556A29A1E7AE4B70094EF39 /* Strix */ = {
			isa = PBXGroup;
			children = (
				7556A2D61E7AE6A00094EF39 /* CharacterStream.swift */,
				750AADE81E98D29000BEB6C2 /* TextPosition.swift */,
				75F91C391E9BD56700A9208F /* Reply.swift */,
				75BA2D611EB715790049FE04 /* ParseError.swift */,
				75CA67EE1EC74B3000331EC0 /* ParseErrorGroup.swift */,
				7550832F1EC9F700000417F9 /* ErrorOutputBuffer.swift */,
				753AA31E1ECC94550015EC11 /* ErrorMessageWriter.swift */,
				7551CBE71EC48D8D001911B0 /* ParseResult.swift */,
				751BD7411ECF02B600B4175D /* Parser.swift */,
				75526B1E1ED044B500EAA5B4 /* Primitives.swift */,
				75AC08871F10C48A00E5FCA2 /* Sequences.swift */,
				75969B401F8F426000167569 /* Characters.swift */,
				754C4BB61FA814FF006B5032 /* NumberComponents.swift */,
				754C4BB21FA4643A006B5032 /* Numbers.swift */,
				754C4BBA1FA8B7CB006B5032 /* PrattParser.swift */,
			);
			path = Strix;
			sourceTree = "<group>";
		};
		7556A2A51E7AE4B70094EF39 /* StrixTests */ = {
			isa = PBXGroup;
			children = (
				75B4C0921ED6ABC500C93C1B /* TestUtils.swift */,
				7556A2D81E7AE7030094EF39 /* CharacterStreamTests.swift */,
				750AADEA1E98D2C800BEB6C2 /* TextPositionTests.swift */,
				75F91C3B1E9BD59100A9208F /* ReplyTests.swift */,
				75BA2D631EB716180049FE04 /* ParseErrorTests.swift */,
				75CA67F01EC757FC00331EC0 /* ParseErrorGroupTests.swift */,
				755083311ECA10CB000417F9 /* ErrorOutputBufferTests.swift */,
				753AA3201ECC94C40015EC11 /* ErrorMessageWriterTests.swift */,
				7551CBE91EC4908A001911B0 /* ParseResultTests.swift */,
				75526B1C1ECFE68700EAA5B4 /* ParserTests.swift */,
				753F08ED1F8B144100A3D6A9 /* Primitives */,
				753F08F81F8B5CEC00A3D6A9 /* Sequences */,
				75969B421F8F433700167569 /* CharactersTests.swift */,
				754C4BB81FA815E6006B5032 /* NumberComponentsTests.swift */,
				754C4BB41FA46461006B5032 /* NumbersTests.swift */,
				754C4BBC1FA8B7E8006B5032 /* PrattParserTests.swift */,
			);
			path = StrixTests;
			sourceTree = "<group>";
		};
		7576BE211F8E04C6008DC09C /* Sources */ = {
			isa = PBXGroup;
			children = (
				7556A29A1E7AE4B70094EF39 /* Strix */,
			);
			path = Sources;
			sourceTree = "<group>";
		};
		7576BE231F8E04FC008DC09C /* Tests */ = {
			isa = PBXGroup;
			children = (
				7556A2A51E7AE4B70094EF39 /* StrixTests */,
			);
			path = Tests;
			sourceTree = "<group>";
		};
		75969B491F95AC8D00167569 /* Deployment */ = {
			isa = PBXGroup;
			children = (
				7576BE6E1F8E1249008DC09C /* Package.swift */,
				75A097531FAADB3900231BFA /* Strix.podspec */,
				75969B4C1F95AD1B00167569 /* LICENSE */,
			);
			name = Deployment;
			sourceTree = "<group>";
		};
		75969B4B1F95ACCB00167569 /* Documentation */ = {
			isa = PBXGroup;
			children = (
				75969B4E1F95AD4100167569 /* README.md */,
			);
			name = Documentation;
			sourceTree = "<group>";
		};
/* End PBXGroup section */

/* Begin PBXHeadersBuildPhase section */
		7556A2951E7AE4B70094EF39 /* Headers */ = {
			isa = PBXHeadersBuildPhase;
			buildActionMask = 2147483647;
			files = (
			);
			runOnlyForDeploymentPostprocessing = 0;
		};
/* End PBXHeadersBuildPhase section */

/* Begin PBXNativeTarget section */
		7556A2971E7AE4B70094EF39 /* Strix */ = {
			isa = PBXNativeTarget;
			buildConfigurationList = 7556A2AC1E7AE4B70094EF39 /* Build configuration list for PBXNativeTarget "Strix" */;
			buildPhases = (
				7556A2931E7AE4B70094EF39 /* Sources */,
				7556A2941E7AE4B70094EF39 /* Frameworks */,
				7556A2951E7AE4B70094EF39 /* Headers */,
				7556A2961E7AE4B70094EF39 /* Resources */,
			);
			buildRules = (
			);
			dependencies = (
			);
			name = Strix;
			productName = Strix;
			productReference = 7556A2981E7AE4B70094EF39 /* Strix.framework */;
			productType = "com.apple.product-type.framework";
		};
		7556A2A01E7AE4B70094EF39 /* StrixTests */ = {
			isa = PBXNativeTarget;
			buildConfigurationList = 7556A2AF1E7AE4B70094EF39 /* Build configuration list for PBXNativeTarget "StrixTests" */;
			buildPhases = (
				7556A29D1E7AE4B70094EF39 /* Sources */,
				7556A29E1E7AE4B70094EF39 /* Frameworks */,
				7556A29F1E7AE4B70094EF39 /* Resources */,
			);
			buildRules = (
			);
			dependencies = (
				7556A2A41E7AE4B70094EF39 /* PBXTargetDependency */,
			);
			name = StrixTests;
			productName = StrixTests;
			productReference = 7556A2A11E7AE4B70094EF39 /* StrixTests.xctest */;
			productType = "com.apple.product-type.bundle.unit-test";
		};
		7576BE651F8E10A5008DC09C /* StrixPackageDescription */ = {
			isa = PBXNativeTarget;
			buildConfigurationList = 7576BE6D1F8E10A5008DC09C /* Build configuration list for PBXNativeTarget "StrixPackageDescription" */;
			buildPhases = (
				7576BE611F8E10A5008DC09C /* Sources */,
			);
			buildRules = (
			);
			dependencies = (
			);
			name = StrixPackageDescription;
			productName = StrixPackageDescription;
			productType = "com.apple.product-type.framework";
		};
/* End PBXNativeTarget section */

/* Begin PBXProject section */
		7556A28F1E7AE4B70094EF39 /* Project object */ = {
			isa = PBXProject;
			attributes = {
				LastSwiftUpdateCheck = 0820;
				LastUpgradeCheck = 0930;
				ORGANIZATIONNAME = nearfri;
				TargetAttributes = {
					7556A2971E7AE4B70094EF39 = {
						CreatedOnToolsVersion = 8.2.1;
						LastSwiftMigration = 0900;
						ProvisioningStyle = Automatic;
					};
					7556A2A01E7AE4B70094EF39 = {
						CreatedOnToolsVersion = 8.2.1;
						LastSwiftMigration = 0900;
						ProvisioningStyle = Automatic;
					};
					7576BE651F8E10A5008DC09C = {
						CreatedOnToolsVersion = 9.0;
						LastSwiftMigration = 0900;
					};
				};
			};
			buildConfigurationList = 7556A2921E7AE4B70094EF39 /* Build configuration list for PBXProject "Strix" */;
			compatibilityVersion = "Xcode 8.0";
			developmentRegion = English;
			hasScannedForEncodings = 0;
			knownRegions = (
				en,
			);
			mainGroup = 7556A28E1E7AE4B70094EF39;
			productRefGroup = 7556A2991E7AE4B70094EF39 /* Products */;
			projectDirPath = "";
			projectRoot = "";
			targets = (
				7556A2971E7AE4B70094EF39 /* Strix */,
				7556A2A01E7AE4B70094EF39 /* StrixTests */,
				7576BE651F8E10A5008DC09C /* StrixPackageDescription */,
			);
		};
/* End PBXProject section */

/* Begin PBXResourcesBuildPhase section */
		7556A2961E7AE4B70094EF39 /* Resources */ = {
			isa = PBXResourcesBuildPhase;
			buildActionMask = 2147483647;
			files = (
			);
			runOnlyForDeploymentPostprocessing = 0;
		};
		7556A29F1E7AE4B70094EF39 /* Resources */ = {
			isa = PBXResourcesBuildPhase;
			buildActionMask = 2147483647;
			files = (
			);
			runOnlyForDeploymentPostprocessing = 0;
		};
/* End PBXResourcesBuildPhase section */

/* Begin PBXSourcesBuildPhase section */
		7556A2931E7AE4B70094EF39 /* Sources */ = {
			isa = PBXSourcesBuildPhase;
			buildActionMask = 2147483647;
			files = (
				7551CBE81EC48D8D001911B0 /* ParseResult.swift in Sources */,
				75F91C3A1E9BD56700A9208F /* Reply.swift in Sources */,
				754C4BBB1FA8B7CB006B5032 /* PrattParser.swift in Sources */,
				75CA67EF1EC74B3000331EC0 /* ParseErrorGroup.swift in Sources */,
				7556A2D71E7AE6A00094EF39 /* CharacterStream.swift in Sources */,
				75AC08881F10C48A00E5FCA2 /* Sequences.swift in Sources */,
				755083301EC9F700000417F9 /* ErrorOutputBuffer.swift in Sources */,
				75969B411F8F426000167569 /* Characters.swift in Sources */,
				751BD7421ECF02B600B4175D /* Parser.swift in Sources */,
				754C4BB71FA814FF006B5032 /* NumberComponents.swift in Sources */,
				754C4BB31FA4643A006B5032 /* Numbers.swift in Sources */,
				750AADE91E98D29000BEB6C2 /* TextPosition.swift in Sources */,
				75526B1F1ED044B500EAA5B4 /* Primitives.swift in Sources */,
				75BA2D621EB715790049FE04 /* ParseError.swift in Sources */,
				753AA31F1ECC94550015EC11 /* ErrorMessageWriter.swift in Sources */,
			);
			runOnlyForDeploymentPostprocessing = 0;
		};
		7556A29D1E7AE4B70094EF39 /* Sources */ = {
			isa = PBXSourcesBuildPhase;
			buildActionMask = 2147483647;
			files = (
				754C4BB51FA46461006B5032 /* NumbersTests.swift in Sources */,
				7556A2D91E7AE7030094EF39 /* CharacterStreamTests.swift in Sources */,
				754C4BBD1FA8B7E8006B5032 /* PrattParserTests.swift in Sources */,
				750AADEB1E98D2C800BEB6C2 /* TextPositionTests.swift in Sources */,
				75CB0CB61EE3D996002FD24F /* PrimitivesLookAheadTests.swift in Sources */,
				75CA67F11EC757FD00331EC0 /* ParseErrorGroupTests.swift in Sources */,
				7551CBEA1EC4908A001911B0 /* ParseResultTests.swift in Sources */,
				753F08F71F8B5A5000A3D6A9 /* SequencesManySeparatorTests.swift in Sources */,
				75B4C08F1ED44ADC00C93C1B /* PrimitivesChainTests.swift in Sources */,
				754C4BB91FA815E6006B5032 /* NumberComponentsTests.swift in Sources */,
				755083321ECA10CB000417F9 /* ErrorOutputBufferTests.swift in Sources */,
				75B4C0911ED4562C00C93C1B /* PrimitivesAlternativeTests.swift in Sources */,
				75CB0CB81EE3EFA3002FD24F /* PrimitivesCustomizingErrorTests.swift in Sources */,
				75526B211ED044C700EAA5B4 /* PrimitivesPureTests.swift in Sources */,
				75F91C3C1E9BD59100A9208F /* ReplyTests.swift in Sources */,
				75B4C0931ED6ABC500C93C1B /* TestUtils.swift in Sources */,
				753F08EF1F8B593700A3D6A9 /* SequencesTupleTests.swift in Sources */,
				75BA2D641EB716180049FE04 /* ParseErrorTests.swift in Sources */,
				753F08F31F8B59D600A3D6A9 /* SequencesManyTests.swift in Sources */,
				753F08F11F8B598900A3D6A9 /* SequencesArrayTests.swift in Sources */,
				753AA3211ECC94C40015EC11 /* ErrorMessageWriterTests.swift in Sources */,
				75526B1D1ECFE68700EAA5B4 /* ParserTests.swift in Sources */,
				75969B431F8F433700167569 /* CharactersTests.swift in Sources */,
			);
			runOnlyForDeploymentPostprocessing = 0;
		};
		7576BE611F8E10A5008DC09C /* Sources */ = {
			isa = PBXSourcesBuildPhase;
			buildActionMask = 2147483647;
			files = (
				7576BE6F1F8E124E008DC09C /* Package.swift in Sources */,
			);
			runOnlyForDeploymentPostprocessing = 0;
		};
/* End PBXSourcesBuildPhase section */

/* Begin PBXTargetDependency section */
		7556A2A41E7AE4B70094EF39 /* PBXTargetDependency */ = {
			isa = PBXTargetDependency;
			target = 7556A2971E7AE4B70094EF39 /* Strix */;
			targetProxy = 7556A2A31E7AE4B70094EF39 /* PBXContainerItemProxy */;
		};
/* End PBXTargetDependency section */

/* Begin XCBuildConfiguration section */
		7556A2AA1E7AE4B70094EF39 /* Debug */ = {
			isa = XCBuildConfiguration;
			buildSettings = {
				ALWAYS_SEARCH_USER_PATHS = NO;
				CLANG_ANALYZER_NONNULL = YES;
				CLANG_ANALYZER_NUMBER_OBJECT_CONVERSION = YES_AGGRESSIVE;
				CLANG_CXX_LANGUAGE_STANDARD = "gnu++14";
				CLANG_CXX_LIBRARY = "libc++";
				CLANG_ENABLE_MODULES = YES;
				CLANG_ENABLE_OBJC_ARC = YES;
				CLANG_WARN_BLOCK_CAPTURE_AUTORELEASING = YES;
				CLANG_WARN_BOOL_CONVERSION = YES;
				CLANG_WARN_COMMA = YES;
				CLANG_WARN_CONSTANT_CONVERSION = YES;
				CLANG_WARN_DEPRECATED_OBJC_IMPLEMENTATIONS = YES;
				CLANG_WARN_DIRECT_OBJC_ISA_USAGE = YES_ERROR;
				CLANG_WARN_DOCUMENTATION_COMMENTS = YES;
				CLANG_WARN_EMPTY_BODY = YES;
				CLANG_WARN_ENUM_CONVERSION = YES;
				CLANG_WARN_INFINITE_RECURSION = YES;
				CLANG_WARN_INT_CONVERSION = YES;
				CLANG_WARN_NON_LITERAL_NULL_CONVERSION = YES;
				CLANG_WARN_OBJC_IMPLICIT_RETAIN_SELF = YES;
				CLANG_WARN_OBJC_LITERAL_CONVERSION = YES;
				CLANG_WARN_OBJC_ROOT_CLASS = YES_ERROR;
				CLANG_WARN_RANGE_LOOP_ANALYSIS = YES;
				CLANG_WARN_STRICT_PROTOTYPES = YES;
				CLANG_WARN_SUSPICIOUS_MOVE = YES;
				CLANG_WARN_UNGUARDED_AVAILABILITY = YES_AGGRESSIVE;
				CLANG_WARN_UNREACHABLE_CODE = YES;
				CLANG_WARN__DUPLICATE_METHOD_MATCH = YES;
				CODE_SIGN_IDENTITY = "-";
				COPY_PHASE_STRIP = NO;
				CURRENT_PROJECT_VERSION = 1;
				DEBUG_INFORMATION_FORMAT = dwarf;
				ENABLE_STRICT_OBJC_MSGSEND = YES;
				ENABLE_TESTABILITY = YES;
				GCC_C_LANGUAGE_STANDARD = gnu11;
				GCC_DYNAMIC_NO_PIC = NO;
				GCC_NO_COMMON_BLOCKS = YES;
				GCC_OPTIMIZATION_LEVEL = 0;
				GCC_PREPROCESSOR_DEFINITIONS = (
					"DEBUG=1",
					"$(inherited)",
				);
				GCC_WARN_64_TO_32_BIT_CONVERSION = YES;
				GCC_WARN_ABOUT_RETURN_TYPE = YES_ERROR;
				GCC_WARN_UNDECLARED_SELECTOR = YES;
				GCC_WARN_UNINITIALIZED_AUTOS = YES_AGGRESSIVE;
				GCC_WARN_UNUSED_FUNCTION = YES;
				GCC_WARN_UNUSED_VARIABLE = YES;
				MACOSX_DEPLOYMENT_TARGET = 10.13;
				MTL_ENABLE_DEBUG_INFO = YES;
				ONLY_ACTIVE_ARCH = YES;
				SDKROOT = macosx;
				SUPPORTED_PLATFORMS = "macosx iphonesimulator iphoneos appletvsimulator appletvos watchsimulator watchos";
				SWIFT_ACTIVE_COMPILATION_CONDITIONS = DEBUG;
				SWIFT_OPTIMIZATION_LEVEL = "-Onone";
				VERSIONING_SYSTEM = "apple-generic";
				VERSION_INFO_PREFIX = "";
			};
			name = Debug;
		};
		7556A2AB1E7AE4B70094EF39 /* Release */ = {
			isa = XCBuildConfiguration;
			buildSettings = {
				ALWAYS_SEARCH_USER_PATHS = NO;
				CLANG_ANALYZER_NONNULL = YES;
				CLANG_ANALYZER_NUMBER_OBJECT_CONVERSION = YES_AGGRESSIVE;
				CLANG_CXX_LANGUAGE_STANDARD = "gnu++14";
				CLANG_CXX_LIBRARY = "libc++";
				CLANG_ENABLE_MODULES = YES;
				CLANG_ENABLE_OBJC_ARC = YES;
				CLANG_WARN_BLOCK_CAPTURE_AUTORELEASING = YES;
				CLANG_WARN_BOOL_CONVERSION = YES;
				CLANG_WARN_COMMA = YES;
				CLANG_WARN_CONSTANT_CONVERSION = YES;
				CLANG_WARN_DEPRECATED_OBJC_IMPLEMENTATIONS = YES;
				CLANG_WARN_DIRECT_OBJC_ISA_USAGE = YES_ERROR;
				CLANG_WARN_DOCUMENTATION_COMMENTS = YES;
				CLANG_WARN_EMPTY_BODY = YES;
				CLANG_WARN_ENUM_CONVERSION = YES;
				CLANG_WARN_INFINITE_RECURSION = YES;
				CLANG_WARN_INT_CONVERSION = YES;
				CLANG_WARN_NON_LITERAL_NULL_CONVERSION = YES;
				CLANG_WARN_OBJC_IMPLICIT_RETAIN_SELF = YES;
				CLANG_WARN_OBJC_LITERAL_CONVERSION = YES;
				CLANG_WARN_OBJC_ROOT_CLASS = YES_ERROR;
				CLANG_WARN_RANGE_LOOP_ANALYSIS = YES;
				CLANG_WARN_STRICT_PROTOTYPES = YES;
				CLANG_WARN_SUSPICIOUS_MOVE = YES;
				CLANG_WARN_UNGUARDED_AVAILABILITY = YES_AGGRESSIVE;
				CLANG_WARN_UNREACHABLE_CODE = YES;
				CLANG_WARN__DUPLICATE_METHOD_MATCH = YES;
				CODE_SIGN_IDENTITY = "-";
				COPY_PHASE_STRIP = NO;
				CURRENT_PROJECT_VERSION = 1;
				DEBUG_INFORMATION_FORMAT = "dwarf-with-dsym";
				ENABLE_NS_ASSERTIONS = NO;
				ENABLE_STRICT_OBJC_MSGSEND = YES;
				GCC_C_LANGUAGE_STANDARD = gnu11;
				GCC_NO_COMMON_BLOCKS = YES;
				GCC_WARN_64_TO_32_BIT_CONVERSION = YES;
				GCC_WARN_ABOUT_RETURN_TYPE = YES_ERROR;
				GCC_WARN_UNDECLARED_SELECTOR = YES;
				GCC_WARN_UNINITIALIZED_AUTOS = YES_AGGRESSIVE;
				GCC_WARN_UNUSED_FUNCTION = YES;
				GCC_WARN_UNUSED_VARIABLE = YES;
				MACOSX_DEPLOYMENT_TARGET = 10.13;
				MTL_ENABLE_DEBUG_INFO = NO;
				SDKROOT = macosx;
				SUPPORTED_PLATFORMS = "macosx iphonesimulator iphoneos appletvsimulator appletvos watchsimulator watchos";
				SWIFT_OPTIMIZATION_LEVEL = "-Owholemodule";
				VERSIONING_SYSTEM = "apple-generic";
				VERSION_INFO_PREFIX = "";
			};
			name = Release;
		};
		7556A2AD1E7AE4B70094EF39 /* Debug */ = {
			isa = XCBuildConfiguration;
			buildSettings = {
				CLANG_ENABLE_MODULES = YES;
				CODE_SIGN_IDENTITY = "";
				CODE_SIGN_STYLE = Automatic;
				COMBINE_HIDPI_IMAGES = YES;
				DEFINES_MODULE = YES;
				DYLIB_COMPATIBILITY_VERSION = 1;
				DYLIB_CURRENT_VERSION = 1;
				DYLIB_INSTALL_NAME_BASE = "@rpath";
				FRAMEWORK_VERSION = A;
				INFOPLIST_FILE = Strix.xcodeproj/Strix_Info.plist;
				INSTALL_PATH = "$(LOCAL_LIBRARY_DIR)/Frameworks";
				LD_RUNPATH_SEARCH_PATHS = "$(inherited) @executable_path/../Frameworks @loader_path/Frameworks";
				PRODUCT_BUNDLE_IDENTIFIER = com.nearfri.Strix;
				PRODUCT_NAME = "$(TARGET_NAME)";
				SKIP_INSTALL = YES;
				SWIFT_OPTIMIZATION_LEVEL = "-Onone";
				SWIFT_VERSION = 4.0;
			};
			name = Debug;
		};
		7556A2AE1E7AE4B70094EF39 /* Release */ = {
			isa = XCBuildConfiguration;
			buildSettings = {
				CLANG_ENABLE_MODULES = YES;
				CODE_SIGN_IDENTITY = "";
				CODE_SIGN_STYLE = Automatic;
				COMBINE_HIDPI_IMAGES = YES;
				DEFINES_MODULE = YES;
				DYLIB_COMPATIBILITY_VERSION = 1;
				DYLIB_CURRENT_VERSION = 1;
				DYLIB_INSTALL_NAME_BASE = "@rpath";
				FRAMEWORK_VERSION = A;
				INFOPLIST_FILE = Strix.xcodeproj/Strix_Info.plist;
				INSTALL_PATH = "$(LOCAL_LIBRARY_DIR)/Frameworks";
				LD_RUNPATH_SEARCH_PATHS = "$(inherited) @executable_path/../Frameworks @loader_path/Frameworks";
				PRODUCT_BUNDLE_IDENTIFIER = com.nearfri.Strix;
				PRODUCT_NAME = "$(TARGET_NAME)";
				SKIP_INSTALL = YES;
				SWIFT_VERSION = 4.0;
			};
			name = Release;
		};
		7556A2B01E7AE4B70094EF39 /* Debug */ = {
			isa = XCBuildConfiguration;
			buildSettings = {
				ALWAYS_EMBED_SWIFT_STANDARD_LIBRARIES = YES;
				CODE_SIGN_STYLE = Automatic;
				COMBINE_HIDPI_IMAGES = YES;
				INFOPLIST_FILE = Strix.xcodeproj/StrixTests_Info.plist;
				LD_RUNPATH_SEARCH_PATHS = "$(inherited) @executable_path/../Frameworks @loader_path/../Frameworks @loader_path/Frameworks";
				PRODUCT_BUNDLE_IDENTIFIER = com.nearfri.StrixTests;
				PRODUCT_NAME = "$(TARGET_NAME)";
				SWIFT_VERSION = 4.0;
			};
			name = Debug;
		};
		7556A2B11E7AE4B70094EF39 /* Release */ = {
			isa = XCBuildConfiguration;
			buildSettings = {
				ALWAYS_EMBED_SWIFT_STANDARD_LIBRARIES = YES;
				CODE_SIGN_STYLE = Automatic;
				COMBINE_HIDPI_IMAGES = YES;
				INFOPLIST_FILE = Strix.xcodeproj/StrixTests_Info.plist;
				LD_RUNPATH_SEARCH_PATHS = "$(inherited) @executable_path/../Frameworks @loader_path/../Frameworks @loader_path/Frameworks";
				PRODUCT_BUNDLE_IDENTIFIER = com.nearfri.StrixTests;
				PRODUCT_NAME = "$(TARGET_NAME)";
				SWIFT_VERSION = 4.0;
			};
			name = Release;
		};
		7576BE6B1F8E10A5008DC09C /* Debug */ = {
			isa = XCBuildConfiguration;
			buildSettings = {
				CODE_SIGN_IDENTITY = "";
				LD = /usr/bin/true;
				OTHER_SWIFT_FLAGS = "-swift-version 4 -I /Applications/Xcode.app/Contents/Developer/Toolchains/XcodeDefault.xctoolchain/usr/lib/swift/pm/4";
				PRODUCT_NAME = "$(TARGET_NAME)";
				SUPPORTED_PLATFORMS = macosx;
				SWIFT_VERSION = 4.0;
			};
			name = Debug;
		};
		7576BE6C1F8E10A5008DC09C /* Release */ = {
			isa = XCBuildConfiguration;
			buildSettings = {
				CODE_SIGN_IDENTITY = "";
				LD = /usr/bin/true;
				OTHER_SWIFT_FLAGS = "-swift-version 4 -I /Applications/Xcode.app/Contents/Developer/Toolchains/XcodeDefault.xctoolchain/usr/lib/swift/pm/4";
				PRODUCT_NAME = "$(TARGET_NAME)";
				SUPPORTED_PLATFORMS = macosx;
				SWIFT_VERSION = 4.0;
			};
			name = Release;
		};
/* End XCBuildConfiguration section */

/* Begin XCConfigurationList section */
		7556A2921E7AE4B70094EF39 /* Build configuration list for PBXProject "Strix" */ = {
			isa = XCConfigurationList;
			buildConfigurations = (
				7556A2AA1E7AE4B70094EF39 /* Debug */,
				7556A2AB1E7AE4B70094EF39 /* Release */,
			);
			defaultConfigurationIsVisible = 0;
			defaultConfigurationName = Release;
		};
		7556A2AC1E7AE4B70094EF39 /* Build configuration list for PBXNativeTarget "Strix" */ = {
			isa = XCConfigurationList;
			buildConfigurations = (
				7556A2AD1E7AE4B70094EF39 /* Debug */,
				7556A2AE1E7AE4B70094EF39 /* Release */,
			);
			defaultConfigurationIsVisible = 0;
			defaultConfigurationName = Release;
		};
		7556A2AF1E7AE4B70094EF39 /* Build configuration list for PBXNativeTarget "StrixTests" */ = {
			isa = XCConfigurationList;
			buildConfigurations = (
				7556A2B01E7AE4B70094EF39 /* Debug */,
				7556A2B11E7AE4B70094EF39 /* Release */,
			);
			defaultConfigurationIsVisible = 0;
			defaultConfigurationName = Release;
		};
		7576BE6D1F8E10A5008DC09C /* Build configuration list for PBXNativeTarget "StrixPackageDescription" */ = {
			isa = XCConfigurationList;
			buildConfigurations = (
				7576BE6B1F8E10A5008DC09C /* Debug */,
				7576BE6C1F8E10A5008DC09C /* Release */,
			);
			defaultConfigurationIsVisible = 0;
			defaultConfigurationName = Release;
		};
/* End XCConfigurationList section */
	};
	rootObject = 7556A28F1E7AE4B70094EF39 /* Project object */;
}
